
Microsoft Visual Studio Solution File, Format Version 12.00
# Visual Studio 15
VisualStudioVersion = 15.0.27130.2027
MinimumVisualStudioVersion = 10.0.40219.1
Project("{FAE04EC0-301F-11D3-BF4B-00C04F79EFBC}") = "Expenses", "ExpensesAzure\Expenses.csproj", "{004A2A51-D041-44C7-AA86-AC04F5D32376}"
EndProject
Project("{FAE04EC0-301F-11D3-BF4B-00C04F79EFBC}") = "Fitness", "ExpensesAzure\Fitness.csproj", "{5F8AD372-CCC9-43DB-BFC5-1945A4F1D1F3}"
EndProject
Project("{FAE04EC0-301F-11D3-BF4B-00C04F79EFBC}") = "UnitTests", "UnitTests\UnitTests.csproj", "{DB3666CE-C8C6-4AD4-8173-807EE86B55C8}"
EndProject
Project("{00D1A9C2-B5F0-4AF3-8072-F6C62B433612}") = "Database", "Database\Database.sqlproj", "{3396A1A3-076E-4E10-8547-871216C5FBDF}"
EndProject
Project("{FAE04EC0-301F-11D3-BF4B-00C04F79EFBC}") = "AppMenu", "ExpensesAzure\AppMenu.csproj", "{EC3F9C9E-3BFC-4F68-B0C4-93474B6AC47A}"
EndProject
Global
	GlobalSection(SolutionConfigurationPlatforms) = preSolution
		Debug|Any CPU = Debug|Any CPU
		Debug|x64 = Debug|x64
		Debug|x86 = Debug|x86
		Release|Any CPU = Release|Any CPU
		Release|x64 = Release|x64
		Release|x86 = Release|x86
	EndGlobalSection
	GlobalSection(ProjectConfigurationPlatforms) = postSolution
		{004A2A51-D041-44C7-AA86-AC04F5D32376}.Debug|Any CPU.ActiveCfg = Debug|Any CPU
		{004A2A51-D041-44C7-AA86-AC04F5D32376}.Debug|Any CPU.Build.0 = Debug|Any CPU
		{004A2A51-D041-44C7-AA86-AC04F5D32376}.Debug|x64.ActiveCfg = Debug|Any CPU
		{004A2A51-D041-44C7-AA86-AC04F5D32376}.Debug|x64.Build.0 = Debug|Any CPU
		{004A2A51-D041-44C7-AA86-AC04F5D32376}.Debug|x86.ActiveCfg = Debug|Any CPU
		{004A2A51-D041-44C7-AA86-AC04F5D32376}.Debug|x86.Build.0 = Debug|Any CPU
		{004A2A51-D041-44C7-AA86-AC04F5D32376}.Release|Any CPU.ActiveCfg = Release|Any CPU
		{004A2A51-D041-44C7-AA86-AC04F5D32376}.Release|Any CPU.Build.0 = Release|Any CPU
		{004A2A51-D041-44C7-AA86-AC04F5D32376}.Release|x64.ActiveCfg = Release|Any CPU
		{004A2A51-D041-44C7-AA86-AC04F5D32376}.Release|x64.Build.0 = Release|Any CPU
		{004A2A51-D041-44C7-AA86-AC04F5D32376}.Release|x86.ActiveCfg = Release|Any CPU
		{004A2A51-D041-44C7-AA86-AC04F5D32376}.Release|x86.Build.0 = Release|Any CPU
		{5F8AD372-CCC9-43DB-BFC5-1945A4F1D1F3}.Debug|Any CPU.ActiveCfg = Debug|Any CPU
		{5F8AD372-CCC9-43DB-BFC5-1945A4F1D1F3}.Debug|Any CPU.Build.0 = Debug|Any CPU
		{5F8AD372-CCC9-43DB-BFC5-1945A4F1D1F3}.Debug|x64.ActiveCfg = Debug|Any CPU
		{5F8AD372-CCC9-43DB-BFC5-1945A4F1D1F3}.Debug|x64.Build.0 = Debug|Any CPU
		{5F8AD372-CCC9-43DB-BFC5-1945A4F1D1F3}.Debug|x86.ActiveCfg = Debug|Any CPU
		{5F8AD372-CCC9-43DB-BFC5-1945A4F1D1F3}.Debug|x86.Build.0 = Debug|Any CPU
		{5F8AD372-CCC9-43DB-BFC5-1945A4F1D1F3}.Release|Any CPU.ActiveCfg = Release|Any CPU
		{5F8AD372-CCC9-43DB-BFC5-1945A4F1D1F3}.Release|Any CPU.Build.0 = Release|Any CPU
		{5F8AD372-CCC9-43DB-BFC5-1945A4F1D1F3}.Release|x64.ActiveCfg = Release|Any CPU
		{5F8AD372-CCC9-43DB-BFC5-1945A4F1D1F3}.Release|x64.Build.0 = Release|Any CPU
		{5F8AD372-CCC9-43DB-BFC5-1945A4F1D1F3}.Release|x86.ActiveCfg = Release|Any CPU
		{5F8AD372-CCC9-43DB-BFC5-1945A4F1D1F3}.Release|x86.Build.0 = Release|Any CPU
		{DB3666CE-C8C6-4AD4-8173-807EE86B55C8}.Debug|Any CPU.ActiveCfg = Debug|Any CPU
		{DB3666CE-C8C6-4AD4-8173-807EE86B55C8}.Debug|Any CPU.Build.0 = Debug|Any CPU
		{DB3666CE-C8C6-4AD4-8173-807EE86B55C8}.Debug|x64.ActiveCfg = Debug|Any CPU
		{DB3666CE-C8C6-4AD4-8173-807EE86B55C8}.Debug|x64.Build.0 = Debug|Any CPU
		{DB3666CE-C8C6-4AD4-8173-807EE86B55C8}.Debug|x86.ActiveCfg = Debug|Any CPU
		{DB3666CE-C8C6-4AD4-8173-807EE86B55C8}.Debug|x86.Build.0 = Debug|Any CPU
		{DB3666CE-C8C6-4AD4-8173-807EE86B55C8}.Release|Any CPU.ActiveCfg = Release|Any CPU
		{DB3666CE-C8C6-4AD4-8173-807EE86B55C8}.Release|Any CPU.Build.0 = Release|Any CPU
		{DB3666CE-C8C6-4AD4-8173-807EE86B55C8}.Release|x64.ActiveCfg = Release|Any CPU
		{DB3666CE-C8C6-4AD4-8173-807EE86B55C8}.Release|x64.Build.0 = Release|Any CPU
		{DB3666CE-C8C6-4AD4-8173-807EE86B55C8}.Release|x86.ActiveCfg = Release|Any CPU
		{DB3666CE-C8C6-4AD4-8173-807EE86B55C8}.Release|x86.Build.0 = Release|Any CPU
		{3396A1A3-076E-4E10-8547-871216C5FBDF}.Debug|Any CPU.ActiveCfg = Debug|Any CPU
		{3396A1A3-076E-4E10-8547-871216C5FBDF}.Debug|Any CPU.Build.0 = Debug|Any CPU
		{3396A1A3-076E-4E10-8547-871216C5FBDF}.Debug|Any CPU.Deploy.0 = Debug|Any CPU
		{3396A1A3-076E-4E10-8547-871216C5FBDF}.Debug|x64.ActiveCfg = Debug|Any CPU
		{3396A1A3-076E-4E10-8547-871216C5FBDF}.Debug|x64.Build.0 = Debug|Any CPU
		{3396A1A3-076E-4E10-8547-871216C5FBDF}.Debug|x64.Deploy.0 = Debug|Any CPU
		{3396A1A3-076E-4E10-8547-871216C5FBDF}.Debug|x86.ActiveCfg = Debug|Any CPU
		{3396A1A3-076E-4E10-8547-871216C5FBDF}.Debug|x86.Build.0 = Debug|Any CPU
		{3396A1A3-076E-4E10-8547-871216C5FBDF}.Debug|x86.Deploy.0 = Debug|Any CPU
		{3396A1A3-076E-4E10-8547-871216C5FBDF}.Release|Any CPU.ActiveCfg = Release|Any CPU
		{3396A1A3-076E-4E10-8547-871216C5FBDF}.Release|Any CPU.Build.0 = Release|Any CPU
		{3396A1A3-076E-4E10-8547-871216C5FBDF}.Release|Any CPU.Deploy.0 = Release|Any CPU
		{3396A1A3-076E-4E10-8547-871216C5FBDF}.Release|x64.ActiveCfg = Release|Any CPU
		{3396A1A3-076E-4E10-8547-871216C5FBDF}.Release|x64.Build.0 = Release|Any CPU
		{3396A1A3-076E-4E10-8547-871216C5FBDF}.Release|x64.Deploy.0 = Release|Any CPU
		{3396A1A3-076E-4E10-8547-871216C5FBDF}.Release|x86.ActiveCfg = Release|Any CPU
		{3396A1A3-076E-4E10-8547-871216C5FBDF}.Release|x86.Build.0 = Release|Any CPU
		{3396A1A3-076E-4E10-8547-871216C5FBDF}.Release|x86.Deploy.0 = Release|Any CPU
		{EC3F9C9E-3BFC-4F68-B0C4-93474B6AC47A}.Debug|Any CPU.ActiveCfg = Debug|Any CPU
		{EC3F9C9E-3BFC-4F68-B0C4-93474B6AC47A}.Debug|Any CPU.Build.0 = Debug|Any CPU
		{EC3F9C9E-3BFC-4F68-B0C4-93474B6AC47A}.Debug|x64.ActiveCfg = Debug|Any CPU
		{EC3F9C9E-3BFC-4F68-B0C4-93474B6AC47A}.Debug|x64.Build.0 = Debug|Any CPU
		{EC3F9C9E-3BFC-4F68-B0C4-93474B6AC47A}.Debug|x86.ActiveCfg = Debug|Any CPU
		{EC3F9C9E-3BFC-4F68-B0C4-93474B6AC47A}.Debug|x86.Build.0 = Debug|Any CPU
		{EC3F9C9E-3BFC-4F68-B0C4-93474B6AC47A}.Release|Any CPU.ActiveCfg = Release|Any CPU
		{EC3F9C9E-3BFC-4F68-B0C4-93474B6AC47A}.Release|Any CPU.Build.0 = Release|Any CPU
		{EC3F9C9E-3BFC-4F68-B0C4-93474B6AC47A}.Release|x64.ActiveCfg = Release|Any CPU
		{EC3F9C9E-3BFC-4F68-B0C4-93474B6AC47A}.Release|x64.Build.0 = Release|Any CPU
		{EC3F9C9E-3BFC-4F68-B0C4-93474B6AC47A}.Release|x86.ActiveCfg = Release|Any CPU
		{EC3F9C9E-3BFC-4F68-B0C4-93474B6AC47A}.Release|x86.Build.0 = Release|Any CPU
	EndGlobalSection
	GlobalSection(SolutionProperties) = preSolution
		HideSolutionNode = FALSE
	EndGlobalSection
	GlobalSection(ExtensibilityGlobals) = postSolution
		SolutionGuid = {B400766E-6D21-4D46-B194-6D571D923CF4}
	EndGlobalSection
EndGlobal
